// !$*UTF8*$!
{
	archiveVersion = 1;
	classes = {
	};
	objectVersion = 55;
	objects = {

/* Begin PBXBuildFile section */
		FA7119272731682F008EABB7 /* AppDelegate.swift in Sources */ = {isa = PBXBuildFile; fileRef = FA7119262731682F008EABB7 /* AppDelegate.swift */; };
		FA7119292731682F008EABB7 /* SceneDelegate.swift in Sources */ = {isa = PBXBuildFile; fileRef = FA7119282731682F008EABB7 /* SceneDelegate.swift */; };
		FA71192E2731682F008EABB7 /* Main.storyboard in Resources */ = {isa = PBXBuildFile; fileRef = FA71192C2731682F008EABB7 /* Main.storyboard */; };
		FA71193027316833008EABB7 /* Assets.xcassets in Resources */ = {isa = PBXBuildFile; fileRef = FA71192F27316833008EABB7 /* Assets.xcassets */; };
		FA71193327316833008EABB7 /* LaunchScreen.storyboard in Resources */ = {isa = PBXBuildFile; fileRef = FA71193127316833008EABB7 /* LaunchScreen.storyboard */; };
		FA71193E27316833008EABB7 /* UnsplasherTests.swift in Sources */ = {isa = PBXBuildFile; fileRef = FA71193D27316833008EABB7 /* UnsplasherTests.swift */; };
		FA71194827316833008EABB7 /* UnsplasherUITests.swift in Sources */ = {isa = PBXBuildFile; fileRef = FA71194727316833008EABB7 /* UnsplasherUITests.swift */; };
		FA71194A27316833008EABB7 /* UnsplasherUITestsLaunchTests.swift in Sources */ = {isa = PBXBuildFile; fileRef = FA71194927316833008EABB7 /* UnsplasherUITestsLaunchTests.swift */; };
		FA71195E2731761C008EABB7 /* Moya in Frameworks */ = {isa = PBXBuildFile; productRef = FA71195D2731761C008EABB7 /* Moya */; };
		FA7119612732E53C008EABB7 /* Image.swift in Sources */ = {isa = PBXBuildFile; fileRef = FA7119602732E53C008EABB7 /* Image.swift */; };
		FA7119642732E805008EABB7 /* Unsplash.swift in Sources */ = {isa = PBXBuildFile; fileRef = FA7119632732E805008EABB7 /* Unsplash.swift */; };
		FA71196C27343437008EABB7 /* HeaderView.swift in Sources */ = {isa = PBXBuildFile; fileRef = FA71196B27343437008EABB7 /* HeaderView.swift */; };
		FA71196E27343B44008EABB7 /* ImageCell.swift in Sources */ = {isa = PBXBuildFile; fileRef = FA71196D27343B44008EABB7 /* ImageCell.swift */; };
		FA711972273A93A9008EABB7 /* FeedViewController.swift in Sources */ = {isa = PBXBuildFile; fileRef = FA711971273A93A9008EABB7 /* FeedViewController.swift */; };
		FA711974273A9443008EABB7 /* FeedInteractor.swift in Sources */ = {isa = PBXBuildFile; fileRef = FA711973273A9443008EABB7 /* FeedInteractor.swift */; };
		FA711976273A9460008EABB7 /* FeedPresenter.swift in Sources */ = {isa = PBXBuildFile; fileRef = FA711975273A9460008EABB7 /* FeedPresenter.swift */; };
		FA71197A273A9488008EABB7 /* FeedRouter.swift in Sources */ = {isa = PBXBuildFile; fileRef = FA711979273A9488008EABB7 /* FeedRouter.swift */; };
		FA71197F273A967D008EABB7 /* ImagesStore.swift in Sources */ = {isa = PBXBuildFile; fileRef = FA71197E273A967D008EABB7 /* ImagesStore.swift */; };
		FA711984273AAA9E008EABB7 /* FeedModels.swift in Sources */ = {isa = PBXBuildFile; fileRef = FA711983273AAA9E008EABB7 /* FeedModels.swift */; };
		FA711987273AAF12008EABB7 /* ImagesWorker.swift in Sources */ = {isa = PBXBuildFile; fileRef = FA711986273AAF12008EABB7 /* ImagesWorker.swift */; };
		FA71198B273AE2B4008EABB7 /* Topic.swift in Sources */ = {isa = PBXBuildFile; fileRef = FA71198A273AE2B4008EABB7 /* Topic.swift */; };
		FA71198E273BCA3D008EABB7 /* Unsplash+wallpapers.json in Resources */ = {isa = PBXBuildFile; fileRef = FA71198D273BCA3D008EABB7 /* Unsplash+wallpapers.json */; };
		FA711990273BCA87008EABB7 /* Unsplash+nature.json in Resources */ = {isa = PBXBuildFile; fileRef = FA71198F273BCA87008EABB7 /* Unsplash+nature.json */; };
		FA711992273BCAAF008EABB7 /* Unsplash+architecture.json in Resources */ = {isa = PBXBuildFile; fileRef = FA711991273BCAAF008EABB7 /* Unsplash+architecture.json */; };
		FA711994273BCADC008EABB7 /* Unsplash+textures-patterns.json in Resources */ = {isa = PBXBuildFile; fileRef = FA711993273BCADC008EABB7 /* Unsplash+textures-patterns.json */; };
		FA711996273BCB02008EABB7 /* Unsplash+animals.json in Resources */ = {isa = PBXBuildFile; fileRef = FA711995273BCB02008EABB7 /* Unsplash+animals.json */; };
		FA711999273D2A53008EABB7 /* ShowImageViewController.swift in Sources */ = {isa = PBXBuildFile; fileRef = FA711998273D2A53008EABB7 /* ShowImageViewController.swift */; };
		FA71199D273D2A9F008EABB7 /* ShowImageInteractor.swift in Sources */ = {isa = PBXBuildFile; fileRef = FA71199C273D2A9F008EABB7 /* ShowImageInteractor.swift */; };
		FA71199F273D2AAA008EABB7 /* ShowImagePresenter.swift in Sources */ = {isa = PBXBuildFile; fileRef = FA71199E273D2AAA008EABB7 /* ShowImagePresenter.swift */; };
		FA7119A1273D2AB7008EABB7 /* ShowImageRouter.swift in Sources */ = {isa = PBXBuildFile; fileRef = FA7119A0273D2AB7008EABB7 /* ShowImageRouter.swift */; };
		FA7119A42742DCCC008EABB7 /* FavoritesViewController.swift in Sources */ = {isa = PBXBuildFile; fileRef = FA7119A32742DCCC008EABB7 /* FavoritesViewController.swift */; };
		FA7119A62742DCFB008EABB7 /* FavoritesInteractor.swift in Sources */ = {isa = PBXBuildFile; fileRef = FA7119A52742DCFB008EABB7 /* FavoritesInteractor.swift */; };
		FA7119A82742DD06008EABB7 /* FavoritesPresenter.swift in Sources */ = {isa = PBXBuildFile; fileRef = FA7119A72742DD06008EABB7 /* FavoritesPresenter.swift */; };
		FA7119AA2742DD11008EABB7 /* FavoritesModels.swift in Sources */ = {isa = PBXBuildFile; fileRef = FA7119A92742DD11008EABB7 /* FavoritesModels.swift */; };
		FA7119AC2742DD21008EABB7 /* FavoritesRouter.swift in Sources */ = {isa = PBXBuildFile; fileRef = FA7119AB2742DD21008EABB7 /* FavoritesRouter.swift */; };
		FA7119AE2742DF99008EABB7 /* LayoutProvider.swift.swift in Sources */ = {isa = PBXBuildFile; fileRef = FA7119AD2742DF99008EABB7 /* LayoutProvider.swift.swift */; };
		FA7119B02743B4B4008EABB7 /* ScenesModels.swift in Sources */ = {isa = PBXBuildFile; fileRef = FA7119AF2743B4B4008EABB7 /* ScenesModels.swift */; };
		FA7119B22743F62F008EABB7 /* FavoritableImageCell.swift in Sources */ = {isa = PBXBuildFile; fileRef = FA7119B12743F62F008EABB7 /* FavoritableImageCell.swift */; };
		FA8BB4D527440C0F00CB95DA /* Realm in Frameworks */ = {isa = PBXBuildFile; productRef = FA8BB4D427440C0F00CB95DA /* Realm */; };
		FA8BB4D727440C0F00CB95DA /* RealmSwift in Frameworks */ = {isa = PBXBuildFile; productRef = FA8BB4D627440C0F00CB95DA /* RealmSwift */; };
		FA8BB4DC274521CE00CB95DA /* ImageURLs.swift in Sources */ = {isa = PBXBuildFile; fileRef = FA8BB4DB274521CE00CB95DA /* ImageURLs.swift */; };
		FA8BB4DE2745220700CB95DA /* ImageOwner.swift in Sources */ = {isa = PBXBuildFile; fileRef = FA8BB4DD2745220700CB95DA /* ImageOwner.swift */; };
		FAAD98F9274BBF6D00DDE0FF /* ImageCache.swift in Sources */ = {isa = PBXBuildFile; fileRef = FAAD98F8274BBF6D00DDE0FF /* ImageCache.swift */; };
		FAAD98FB274BBFB700DDE0FF /* CallbackQueue.swift in Sources */ = {isa = PBXBuildFile; fileRef = FAAD98FA274BBFB700DDE0FF /* CallbackQueue.swift */; };
		FAAD98FD274BBFD100DDE0FF /* FileIOController.swift in Sources */ = {isa = PBXBuildFile; fileRef = FAAD98FC274BBFD100DDE0FF /* FileIOController.swift */; };
		FAAD9900274BC01F00DDE0FF /* Digest+hexStr.swift in Sources */ = {isa = PBXBuildFile; fileRef = FAAD98FF274BC01F00DDE0FF /* Digest+hexStr.swift */; };
		FAAD9902274BC04000DDE0FF /* String+sha256.swift in Sources */ = {isa = PBXBuildFile; fileRef = FAAD9901274BC04000DDE0FF /* String+sha256.swift */; };
		FAAD9905274D1D4400DDE0FF /* SettingsTableViewController.swift in Sources */ = {isa = PBXBuildFile; fileRef = FAAD9904274D1D4400DDE0FF /* SettingsTableViewController.swift */; };
		FAAD9907274D1D5500DDE0FF /* SettingsInteractor.swift in Sources */ = {isa = PBXBuildFile; fileRef = FAAD9906274D1D5500DDE0FF /* SettingsInteractor.swift */; };
		FAAD9909274D1D6900DDE0FF /* SettingsPresenter.swift in Sources */ = {isa = PBXBuildFile; fileRef = FAAD9908274D1D6900DDE0FF /* SettingsPresenter.swift */; };
		FAAD990B274D29D600DDE0FF /* SettingsModels.swift in Sources */ = {isa = PBXBuildFile; fileRef = FAAD990A274D29D600DDE0FF /* SettingsModels.swift */; };
		FAAD990D274E4DA400DDE0FF /* UserDefaults+KVO.swift in Sources */ = {isa = PBXBuildFile; fileRef = FAAD990C274E4DA400DDE0FF /* UserDefaults+KVO.swift */; };
		FAAD990F274E4DD700DDE0FF /* SettingsManager.swift in Sources */ = {isa = PBXBuildFile; fileRef = FAAD990E274E4DD700DDE0FF /* SettingsManager.swift */; };
		FAAD9914274E8F9400DDE0FF /* Localizable.strings in Resources */ = {isa = PBXBuildFile; fileRef = FAAD9916274E8F9400DDE0FF /* Localizable.strings */; };
		FAAD9919274FA7CE00DDE0FF /* ImageSaver.swift in Sources */ = {isa = PBXBuildFile; fileRef = FAAD9918274FA7CE00DDE0FF /* ImageSaver.swift */; };
		FAAD991B2750F6BE00DDE0FF /* Alertable.swift in Sources */ = {isa = PBXBuildFile; fileRef = FAAD991A2750F6BE00DDE0FF /* Alertable.swift */; };
		FADBB5A92747F8A700BA299F /* ImageProvider.swift in Sources */ = {isa = PBXBuildFile; fileRef = FADBB5A82747F8A700BA299F /* ImageProvider.swift */; };
/* End PBXBuildFile section */

/* Begin PBXContainerItemProxy section */
		FA71193A27316833008EABB7 /* PBXContainerItemProxy */ = {
			isa = PBXContainerItemProxy;
			containerPortal = FA71191B2731682F008EABB7 /* Project object */;
			proxyType = 1;
			remoteGlobalIDString = FA7119222731682F008EABB7;
			remoteInfo = Unsplasher;
		};
		FA71194427316833008EABB7 /* PBXContainerItemProxy */ = {
			isa = PBXContainerItemProxy;
			containerPortal = FA71191B2731682F008EABB7 /* Project object */;
			proxyType = 1;
			remoteGlobalIDString = FA7119222731682F008EABB7;
			remoteInfo = Unsplasher;
		};
/* End PBXContainerItemProxy section */

/* Begin PBXFileReference section */
		FA7119232731682F008EABB7 /* Unsplasher.app */ = {isa = PBXFileReference; explicitFileType = wrapper.application; includeInIndex = 0; path = Unsplasher.app; sourceTree = BUILT_PRODUCTS_DIR; };
		FA7119262731682F008EABB7 /* AppDelegate.swift */ = {isa = PBXFileReference; lastKnownFileType = sourcecode.swift; path = AppDelegate.swift; sourceTree = "<group>"; };
		FA7119282731682F008EABB7 /* SceneDelegate.swift */ = {isa = PBXFileReference; lastKnownFileType = sourcecode.swift; path = SceneDelegate.swift; sourceTree = "<group>"; };
		FA71192D2731682F008EABB7 /* Base */ = {isa = PBXFileReference; lastKnownFileType = file.storyboard; name = Base; path = Base.lproj/Main.storyboard; sourceTree = "<group>"; };
		FA71192F27316833008EABB7 /* Assets.xcassets */ = {isa = PBXFileReference; lastKnownFileType = folder.assetcatalog; path = Assets.xcassets; sourceTree = "<group>"; };
		FA71193227316833008EABB7 /* Base */ = {isa = PBXFileReference; lastKnownFileType = file.storyboard; name = Base; path = Base.lproj/LaunchScreen.storyboard; sourceTree = "<group>"; };
		FA71193427316833008EABB7 /* Info.plist */ = {isa = PBXFileReference; lastKnownFileType = text.plist.xml; path = Info.plist; sourceTree = "<group>"; };
		FA71193927316833008EABB7 /* UnsplasherTests.xctest */ = {isa = PBXFileReference; explicitFileType = wrapper.cfbundle; includeInIndex = 0; path = UnsplasherTests.xctest; sourceTree = BUILT_PRODUCTS_DIR; };
		FA71193D27316833008EABB7 /* UnsplasherTests.swift */ = {isa = PBXFileReference; lastKnownFileType = sourcecode.swift; path = UnsplasherTests.swift; sourceTree = "<group>"; };
		FA71194327316833008EABB7 /* UnsplasherUITests.xctest */ = {isa = PBXFileReference; explicitFileType = wrapper.cfbundle; includeInIndex = 0; path = UnsplasherUITests.xctest; sourceTree = BUILT_PRODUCTS_DIR; };
		FA71194727316833008EABB7 /* UnsplasherUITests.swift */ = {isa = PBXFileReference; lastKnownFileType = sourcecode.swift; path = UnsplasherUITests.swift; sourceTree = "<group>"; };
		FA71194927316833008EABB7 /* UnsplasherUITestsLaunchTests.swift */ = {isa = PBXFileReference; lastKnownFileType = sourcecode.swift; path = UnsplasherUITestsLaunchTests.swift; sourceTree = "<group>"; };
		FA7119582731720B008EABB7 /* .swiftlint.yml */ = {isa = PBXFileReference; lastKnownFileType = text.yaml; path = .swiftlint.yml; sourceTree = "<group>"; };
		FA7119602732E53C008EABB7 /* Image.swift */ = {isa = PBXFileReference; lastKnownFileType = sourcecode.swift; path = Image.swift; sourceTree = "<group>"; };
		FA7119632732E805008EABB7 /* Unsplash.swift */ = {isa = PBXFileReference; lastKnownFileType = sourcecode.swift; path = Unsplash.swift; sourceTree = "<group>"; };
		FA71196B27343437008EABB7 /* HeaderView.swift */ = {isa = PBXFileReference; lastKnownFileType = sourcecode.swift; path = HeaderView.swift; sourceTree = "<group>"; };
		FA71196D27343B44008EABB7 /* ImageCell.swift */ = {isa = PBXFileReference; lastKnownFileType = sourcecode.swift; path = ImageCell.swift; sourceTree = "<group>"; };
		FA711971273A93A9008EABB7 /* FeedViewController.swift */ = {isa = PBXFileReference; lastKnownFileType = sourcecode.swift; path = FeedViewController.swift; sourceTree = "<group>"; };
		FA711973273A9443008EABB7 /* FeedInteractor.swift */ = {isa = PBXFileReference; lastKnownFileType = sourcecode.swift; path = FeedInteractor.swift; sourceTree = "<group>"; };
		FA711975273A9460008EABB7 /* FeedPresenter.swift */ = {isa = PBXFileReference; lastKnownFileType = sourcecode.swift; path = FeedPresenter.swift; sourceTree = "<group>"; };
		FA711979273A9488008EABB7 /* FeedRouter.swift */ = {isa = PBXFileReference; lastKnownFileType = sourcecode.swift; path = FeedRouter.swift; sourceTree = "<group>"; };
		FA71197E273A967D008EABB7 /* ImagesStore.swift */ = {isa = PBXFileReference; lastKnownFileType = sourcecode.swift; path = ImagesStore.swift; sourceTree = "<group>"; };
		FA711983273AAA9E008EABB7 /* FeedModels.swift */ = {isa = PBXFileReference; lastKnownFileType = sourcecode.swift; path = FeedModels.swift; sourceTree = "<group>"; };
		FA711986273AAF12008EABB7 /* ImagesWorker.swift */ = {isa = PBXFileReference; lastKnownFileType = sourcecode.swift; path = ImagesWorker.swift; sourceTree = "<group>"; };
		FA71198A273AE2B4008EABB7 /* Topic.swift */ = {isa = PBXFileReference; lastKnownFileType = sourcecode.swift; path = Topic.swift; sourceTree = "<group>"; };
		FA71198D273BCA3D008EABB7 /* Unsplash+wallpapers.json */ = {isa = PBXFileReference; lastKnownFileType = text.json; path = "Unsplash+wallpapers.json"; sourceTree = "<group>"; };
		FA71198F273BCA87008EABB7 /* Unsplash+nature.json */ = {isa = PBXFileReference; lastKnownFileType = text.json; path = "Unsplash+nature.json"; sourceTree = "<group>"; };
		FA711991273BCAAF008EABB7 /* Unsplash+architecture.json */ = {isa = PBXFileReference; lastKnownFileType = text.json; path = "Unsplash+architecture.json"; sourceTree = "<group>"; };
		FA711993273BCADC008EABB7 /* Unsplash+textures-patterns.json */ = {isa = PBXFileReference; lastKnownFileType = text.json; path = "Unsplash+textures-patterns.json"; sourceTree = "<group>"; };
		FA711995273BCB02008EABB7 /* Unsplash+animals.json */ = {isa = PBXFileReference; lastKnownFileType = text.json; path = "Unsplash+animals.json"; sourceTree = "<group>"; };
		FA711998273D2A53008EABB7 /* ShowImageViewController.swift */ = {isa = PBXFileReference; lastKnownFileType = sourcecode.swift; path = ShowImageViewController.swift; sourceTree = "<group>"; };
		FA71199C273D2A9F008EABB7 /* ShowImageInteractor.swift */ = {isa = PBXFileReference; lastKnownFileType = sourcecode.swift; path = ShowImageInteractor.swift; sourceTree = "<group>"; };
		FA71199E273D2AAA008EABB7 /* ShowImagePresenter.swift */ = {isa = PBXFileReference; lastKnownFileType = sourcecode.swift; path = ShowImagePresenter.swift; sourceTree = "<group>"; };
		FA7119A0273D2AB7008EABB7 /* ShowImageRouter.swift */ = {isa = PBXFileReference; lastKnownFileType = sourcecode.swift; path = ShowImageRouter.swift; sourceTree = "<group>"; };
		FA7119A32742DCCC008EABB7 /* FavoritesViewController.swift */ = {isa = PBXFileReference; lastKnownFileType = sourcecode.swift; path = FavoritesViewController.swift; sourceTree = "<group>"; };
		FA7119A52742DCFB008EABB7 /* FavoritesInteractor.swift */ = {isa = PBXFileReference; lastKnownFileType = sourcecode.swift; path = FavoritesInteractor.swift; sourceTree = "<group>"; };
		FA7119A72742DD06008EABB7 /* FavoritesPresenter.swift */ = {isa = PBXFileReference; lastKnownFileType = sourcecode.swift; path = FavoritesPresenter.swift; sourceTree = "<group>"; };
		FA7119A92742DD11008EABB7 /* FavoritesModels.swift */ = {isa = PBXFileReference; lastKnownFileType = sourcecode.swift; path = FavoritesModels.swift; sourceTree = "<group>"; };
		FA7119AB2742DD21008EABB7 /* FavoritesRouter.swift */ = {isa = PBXFileReference; lastKnownFileType = sourcecode.swift; path = FavoritesRouter.swift; sourceTree = "<group>"; };
		FA7119AD2742DF99008EABB7 /* LayoutProvider.swift.swift */ = {isa = PBXFileReference; lastKnownFileType = sourcecode.swift; path = LayoutProvider.swift.swift; sourceTree = "<group>"; };
		FA7119AF2743B4B4008EABB7 /* ScenesModels.swift */ = {isa = PBXFileReference; lastKnownFileType = sourcecode.swift; path = ScenesModels.swift; sourceTree = "<group>"; };
		FA7119B12743F62F008EABB7 /* FavoritableImageCell.swift */ = {isa = PBXFileReference; lastKnownFileType = sourcecode.swift; path = FavoritableImageCell.swift; sourceTree = "<group>"; };
		FA8BB4DB274521CE00CB95DA /* ImageURLs.swift */ = {isa = PBXFileReference; lastKnownFileType = sourcecode.swift; path = ImageURLs.swift; sourceTree = "<group>"; };
		FA8BB4DD2745220700CB95DA /* ImageOwner.swift */ = {isa = PBXFileReference; lastKnownFileType = sourcecode.swift; path = ImageOwner.swift; sourceTree = "<group>"; };
		FAAD98F8274BBF6D00DDE0FF /* ImageCache.swift */ = {isa = PBXFileReference; lastKnownFileType = sourcecode.swift; path = ImageCache.swift; sourceTree = "<group>"; };
		FAAD98FA274BBFB700DDE0FF /* CallbackQueue.swift */ = {isa = PBXFileReference; lastKnownFileType = sourcecode.swift; path = CallbackQueue.swift; sourceTree = "<group>"; };
		FAAD98FC274BBFD100DDE0FF /* FileIOController.swift */ = {isa = PBXFileReference; lastKnownFileType = sourcecode.swift; path = FileIOController.swift; sourceTree = "<group>"; };
		FAAD98FF274BC01F00DDE0FF /* Digest+hexStr.swift */ = {isa = PBXFileReference; lastKnownFileType = sourcecode.swift; path = "Digest+hexStr.swift"; sourceTree = "<group>"; };
		FAAD9901274BC04000DDE0FF /* String+sha256.swift */ = {isa = PBXFileReference; lastKnownFileType = sourcecode.swift; path = "String+sha256.swift"; sourceTree = "<group>"; };
		FAAD9904274D1D4400DDE0FF /* SettingsTableViewController.swift */ = {isa = PBXFileReference; lastKnownFileType = sourcecode.swift; path = SettingsTableViewController.swift; sourceTree = "<group>"; };
		FAAD9906274D1D5500DDE0FF /* SettingsInteractor.swift */ = {isa = PBXFileReference; lastKnownFileType = sourcecode.swift; path = SettingsInteractor.swift; sourceTree = "<group>"; };
		FAAD9908274D1D6900DDE0FF /* SettingsPresenter.swift */ = {isa = PBXFileReference; lastKnownFileType = sourcecode.swift; path = SettingsPresenter.swift; sourceTree = "<group>"; };
		FAAD990A274D29D600DDE0FF /* SettingsModels.swift */ = {isa = PBXFileReference; lastKnownFileType = sourcecode.swift; path = SettingsModels.swift; sourceTree = "<group>"; };
		FAAD990C274E4DA400DDE0FF /* UserDefaults+KVO.swift */ = {isa = PBXFileReference; lastKnownFileType = sourcecode.swift; path = "UserDefaults+KVO.swift"; sourceTree = "<group>"; };
		FAAD990E274E4DD700DDE0FF /* SettingsManager.swift */ = {isa = PBXFileReference; lastKnownFileType = sourcecode.swift; path = SettingsManager.swift; sourceTree = "<group>"; };
		FAAD9912274E8F1200DDE0FF /* ru */ = {isa = PBXFileReference; lastKnownFileType = text.plist.strings; name = ru; path = ru.lproj/Main.strings; sourceTree = "<group>"; };
		FAAD9913274E8F1300DDE0FF /* ru */ = {isa = PBXFileReference; lastKnownFileType = text.plist.strings; name = ru; path = ru.lproj/LaunchScreen.strings; sourceTree = "<group>"; };
		FAAD9915274E8F9400DDE0FF /* en */ = {isa = PBXFileReference; lastKnownFileType = text.plist.strings; name = en; path = en.lproj/Localizable.strings; sourceTree = "<group>"; };
		FAAD9917274E8F9F00DDE0FF /* ru */ = {isa = PBXFileReference; lastKnownFileType = text.plist.strings; name = ru; path = ru.lproj/Localizable.strings; sourceTree = "<group>"; };
		FAAD9918274FA7CE00DDE0FF /* ImageSaver.swift */ = {isa = PBXFileReference; lastKnownFileType = sourcecode.swift; path = ImageSaver.swift; sourceTree = "<group>"; };
		FAAD991A2750F6BE00DDE0FF /* Alertable.swift */ = {isa = PBXFileReference; lastKnownFileType = sourcecode.swift; path = Alertable.swift; sourceTree = "<group>"; };
		FADBB5A82747F8A700BA299F /* ImageProvider.swift */ = {isa = PBXFileReference; lastKnownFileType = sourcecode.swift; path = ImageProvider.swift; sourceTree = "<group>"; };
/* End PBXFileReference section */

/* Begin PBXFrameworksBuildPhase section */
		FA7119202731682F008EABB7 /* Frameworks */ = {
			isa = PBXFrameworksBuildPhase;
			buildActionMask = 2147483647;
			files = (
				FA8BB4D727440C0F00CB95DA /* RealmSwift in Frameworks */,
				FA8BB4D527440C0F00CB95DA /* Realm in Frameworks */,
				FA71195E2731761C008EABB7 /* Moya in Frameworks */,
			);
			runOnlyForDeploymentPostprocessing = 0;
		};
		FA71193627316833008EABB7 /* Frameworks */ = {
			isa = PBXFrameworksBuildPhase;
			buildActionMask = 2147483647;
			files = (
			);
			runOnlyForDeploymentPostprocessing = 0;
		};
		FA71194027316833008EABB7 /* Frameworks */ = {
			isa = PBXFrameworksBuildPhase;
			buildActionMask = 2147483647;
			files = (
			);
			runOnlyForDeploymentPostprocessing = 0;
		};
/* End PBXFrameworksBuildPhase section */

/* Begin PBXGroup section */
		FA71191A2731682F008EABB7 = {
			isa = PBXGroup;
			children = (
				FA7119582731720B008EABB7 /* .swiftlint.yml */,
				FA7119252731682F008EABB7 /* Unsplasher */,
				FA71193C27316833008EABB7 /* UnsplasherTests */,
				FA71194627316833008EABB7 /* UnsplasherUITests */,
				FA7119242731682F008EABB7 /* Products */,
			);
			sourceTree = "<group>";
		};
		FA7119242731682F008EABB7 /* Products */ = {
			isa = PBXGroup;
			children = (
				FA7119232731682F008EABB7 /* Unsplasher.app */,
				FA71193927316833008EABB7 /* UnsplasherTests.xctest */,
				FA71194327316833008EABB7 /* UnsplasherUITests.xctest */,
			);
			name = Products;
			sourceTree = "<group>";
		};
		FA7119252731682F008EABB7 /* Unsplasher */ = {
			isa = PBXGroup;
			children = (
				FAAD98FE274BC00800DDE0FF /* Extensions */,
				FA71195F2732E4CD008EABB7 /* Common */,
				FA711985273AAF04008EABB7 /* Workers */,
				FA71197D273A965B008EABB7 /* Services */,
				FA71196F273A934F008EABB7 /* Scenes */,
				FA7119622732E542008EABB7 /* Models */,
				FA8BB4DF2747E16400CB95DA /* Misc */,
				FA711988273AC058008EABB7 /* Views */,
			);
			path = Unsplasher;
			sourceTree = "<group>";
		};
		FA71193C27316833008EABB7 /* UnsplasherTests */ = {
			isa = PBXGroup;
			children = (
				FA71193D27316833008EABB7 /* UnsplasherTests.swift */,
			);
			path = UnsplasherTests;
			sourceTree = "<group>";
		};
		FA71194627316833008EABB7 /* UnsplasherUITests */ = {
			isa = PBXGroup;
			children = (
				FA71194727316833008EABB7 /* UnsplasherUITests.swift */,
				FA71194927316833008EABB7 /* UnsplasherUITestsLaunchTests.swift */,
			);
			path = UnsplasherUITests;
			sourceTree = "<group>";
		};
		FA71195F2732E4CD008EABB7 /* Common */ = {
			isa = PBXGroup;
			children = (
				FA7119262731682F008EABB7 /* AppDelegate.swift */,
				FA7119282731682F008EABB7 /* SceneDelegate.swift */,
				FA71192C2731682F008EABB7 /* Main.storyboard */,
				FA71193127316833008EABB7 /* LaunchScreen.storyboard */,
				FA71192F27316833008EABB7 /* Assets.xcassets */,
				FA71193427316833008EABB7 /* Info.plist */,
				FAAD9916274E8F9400DDE0FF /* Localizable.strings */,
			);
			path = Common;
			sourceTree = "<group>";
		};
		FA7119622732E542008EABB7 /* Models */ = {
			isa = PBXGroup;
			children = (
				FA7119602732E53C008EABB7 /* Image.swift */,
				FA8BB4DB274521CE00CB95DA /* ImageURLs.swift */,
				FA8BB4DD2745220700CB95DA /* ImageOwner.swift */,
				FA71198A273AE2B4008EABB7 /* Topic.swift */,
			);
			path = Models;
			sourceTree = "<group>";
		};
		FA71196F273A934F008EABB7 /* Scenes */ = {
			isa = PBXGroup;
			children = (
				FA711970273A9359008EABB7 /* Feed */,
				FA711997273D2A2F008EABB7 /* ShowImage */,
				FA7119A22742DBCE008EABB7 /* Favorites */,
				FAAD9903274D1D2500DDE0FF /* Settings */,
				FA7119AF2743B4B4008EABB7 /* ScenesModels.swift */,
				FAAD991A2750F6BE00DDE0FF /* Alertable.swift */,
			);
			path = Scenes;
			sourceTree = "<group>";
		};
		FA711970273A9359008EABB7 /* Feed */ = {
			isa = PBXGroup;
			children = (
				FA711971273A93A9008EABB7 /* FeedViewController.swift */,
				FA711973273A9443008EABB7 /* FeedInteractor.swift */,
				FA711975273A9460008EABB7 /* FeedPresenter.swift */,
				FA711983273AAA9E008EABB7 /* FeedModels.swift */,
				FA711979273A9488008EABB7 /* FeedRouter.swift */,
			);
			path = Feed;
			sourceTree = "<group>";
		};
		FA71197D273A965B008EABB7 /* Services */ = {
			isa = PBXGroup;
			children = (
				FA71198C273BC9CF008EABB7 /* DefaultResponses */,
				FA7119632732E805008EABB7 /* Unsplash.swift */,
				FA71197E273A967D008EABB7 /* ImagesStore.swift */,
			);
			path = Services;
			sourceTree = "<group>";
		};
		FA711985273AAF04008EABB7 /* Workers */ = {
			isa = PBXGroup;
			children = (
				FA711986273AAF12008EABB7 /* ImagesWorker.swift */,
			);
			path = Workers;
			sourceTree = "<group>";
		};
		FA711988273AC058008EABB7 /* Views */ = {
			isa = PBXGroup;
			children = (
				FA71196D27343B44008EABB7 /* ImageCell.swift */,
				FA7119B12743F62F008EABB7 /* FavoritableImageCell.swift */,
				FA71196B27343437008EABB7 /* HeaderView.swift */,
			);
			path = Views;
			sourceTree = "<group>";
		};
		FA71198C273BC9CF008EABB7 /* DefaultResponses */ = {
			isa = PBXGroup;
			children = (
				FA71198D273BCA3D008EABB7 /* Unsplash+wallpapers.json */,
				FA71198F273BCA87008EABB7 /* Unsplash+nature.json */,
				FA711991273BCAAF008EABB7 /* Unsplash+architecture.json */,
				FA711993273BCADC008EABB7 /* Unsplash+textures-patterns.json */,
				FA711995273BCB02008EABB7 /* Unsplash+animals.json */,
			);
			path = DefaultResponses;
			sourceTree = "<group>";
		};
		FA711997273D2A2F008EABB7 /* ShowImage */ = {
			isa = PBXGroup;
			children = (
				FA711998273D2A53008EABB7 /* ShowImageViewController.swift */,
				FA71199C273D2A9F008EABB7 /* ShowImageInteractor.swift */,
				FA71199E273D2AAA008EABB7 /* ShowImagePresenter.swift */,
				FA7119A0273D2AB7008EABB7 /* ShowImageRouter.swift */,
			);
			path = ShowImage;
			sourceTree = "<group>";
		};
		FA7119A22742DBCE008EABB7 /* Favorites */ = {
			isa = PBXGroup;
			children = (
				FA7119A32742DCCC008EABB7 /* FavoritesViewController.swift */,
				FA7119A52742DCFB008EABB7 /* FavoritesInteractor.swift */,
				FA7119A72742DD06008EABB7 /* FavoritesPresenter.swift */,
				FA7119A92742DD11008EABB7 /* FavoritesModels.swift */,
				FA7119AB2742DD21008EABB7 /* FavoritesRouter.swift */,
			);
			path = Favorites;
			sourceTree = "<group>";
		};
		FA8BB4DF2747E16400CB95DA /* Misc */ = {
			isa = PBXGroup;
			children = (
				FADBB5A82747F8A700BA299F /* ImageProvider.swift */,
				FAAD98F8274BBF6D00DDE0FF /* ImageCache.swift */,
				FAAD98FA274BBFB700DDE0FF /* CallbackQueue.swift */,
				FAAD98FC274BBFD100DDE0FF /* FileIOController.swift */,
				FA7119AD2742DF99008EABB7 /* LayoutProvider.swift.swift */,
				FAAD990E274E4DD700DDE0FF /* SettingsManager.swift */,
				FAAD9918274FA7CE00DDE0FF /* ImageSaver.swift */,
			);
			path = Misc;
			sourceTree = "<group>";
		};
		FAAD98FE274BC00800DDE0FF /* Extensions */ = {
			isa = PBXGroup;
			children = (
				FAAD98FF274BC01F00DDE0FF /* Digest+hexStr.swift */,
				FAAD9901274BC04000DDE0FF /* String+sha256.swift */,
				FAAD990C274E4DA400DDE0FF /* UserDefaults+KVO.swift */,
			);
			path = Extensions;
			sourceTree = "<group>";
		};
		FAAD9903274D1D2500DDE0FF /* Settings */ = {
			isa = PBXGroup;
			children = (
				FAAD9904274D1D4400DDE0FF /* SettingsTableViewController.swift */,
				FAAD9906274D1D5500DDE0FF /* SettingsInteractor.swift */,
				FAAD9908274D1D6900DDE0FF /* SettingsPresenter.swift */,
				FAAD990A274D29D600DDE0FF /* SettingsModels.swift */,
			);
			path = Settings;
			sourceTree = "<group>";
		};
/* End PBXGroup section */

/* Begin PBXNativeTarget section */
		FA7119222731682F008EABB7 /* Unsplasher */ = {
			isa = PBXNativeTarget;
			buildConfigurationList = FA71194D27316833008EABB7 /* Build configuration list for PBXNativeTarget "Unsplasher" */;
			buildPhases = (
				FA71195627316C1F008EABB7 /* ShellScript */,
				FA71191F2731682F008EABB7 /* Sources */,
				FA7119202731682F008EABB7 /* Frameworks */,
				FA7119212731682F008EABB7 /* Resources */,
			);
			buildRules = (
			);
			dependencies = (
			);
			name = Unsplasher;
			packageProductDependencies = (
				FA71195D2731761C008EABB7 /* Moya */,
				FA8BB4D427440C0F00CB95DA /* Realm */,
				FA8BB4D627440C0F00CB95DA /* RealmSwift */,
			);
			productName = Unsplasher;
			productReference = FA7119232731682F008EABB7 /* Unsplasher.app */;
			productType = "com.apple.product-type.application";
		};
		FA71193827316833008EABB7 /* UnsplasherTests */ = {
			isa = PBXNativeTarget;
			buildConfigurationList = FA71195027316833008EABB7 /* Build configuration list for PBXNativeTarget "UnsplasherTests" */;
			buildPhases = (
				FA71193527316833008EABB7 /* Sources */,
				FA71193627316833008EABB7 /* Frameworks */,
				FA71193727316833008EABB7 /* Resources */,
			);
			buildRules = (
			);
			dependencies = (
				FA71193B27316833008EABB7 /* PBXTargetDependency */,
			);
			name = UnsplasherTests;
			productName = UnsplasherTests;
			productReference = FA71193927316833008EABB7 /* UnsplasherTests.xctest */;
			productType = "com.apple.product-type.bundle.unit-test";
		};
		FA71194227316833008EABB7 /* UnsplasherUITests */ = {
			isa = PBXNativeTarget;
			buildConfigurationList = FA71195327316833008EABB7 /* Build configuration list for PBXNativeTarget "UnsplasherUITests" */;
			buildPhases = (
				FA71193F27316833008EABB7 /* Sources */,
				FA71194027316833008EABB7 /* Frameworks */,
				FA71194127316833008EABB7 /* Resources */,
			);
			buildRules = (
			);
			dependencies = (
				FA71194527316833008EABB7 /* PBXTargetDependency */,
			);
			name = UnsplasherUITests;
			productName = UnsplasherUITests;
			productReference = FA71194327316833008EABB7 /* UnsplasherUITests.xctest */;
			productType = "com.apple.product-type.bundle.ui-testing";
		};
/* End PBXNativeTarget section */

/* Begin PBXProject section */
		FA71191B2731682F008EABB7 /* Project object */ = {
			isa = PBXProject;
			attributes = {
				BuildIndependentTargetsInParallel = 1;
				LastSwiftUpdateCheck = 1310;
				LastUpgradeCheck = 1310;
				TargetAttributes = {
					FA7119222731682F008EABB7 = {
						CreatedOnToolsVersion = 13.1;
					};
					FA71193827316833008EABB7 = {
						CreatedOnToolsVersion = 13.1;
						TestTargetID = FA7119222731682F008EABB7;
					};
					FA71194227316833008EABB7 = {
						CreatedOnToolsVersion = 13.1;
						TestTargetID = FA7119222731682F008EABB7;
					};
				};
			};
			buildConfigurationList = FA71191E2731682F008EABB7 /* Build configuration list for PBXProject "Unsplasher" */;
			compatibilityVersion = "Xcode 13.0";
			developmentRegion = en;
			hasScannedForEncodings = 0;
			knownRegions = (
				en,
				Base,
				ru,
			);
			mainGroup = FA71191A2731682F008EABB7;
			packageReferences = (
				FA71195C2731761C008EABB7 /* XCRemoteSwiftPackageReference "Moya" */,
				FA8BB4D327440C0E00CB95DA /* XCRemoteSwiftPackageReference "realm-cocoa" */,
			);
			productRefGroup = FA7119242731682F008EABB7 /* Products */;
			projectDirPath = "";
			projectRoot = "";
			targets = (
				FA7119222731682F008EABB7 /* Unsplasher */,
				FA71193827316833008EABB7 /* UnsplasherTests */,
				FA71194227316833008EABB7 /* UnsplasherUITests */,
			);
		};
/* End PBXProject section */

/* Begin PBXResourcesBuildPhase section */
		FA7119212731682F008EABB7 /* Resources */ = {
			isa = PBXResourcesBuildPhase;
			buildActionMask = 2147483647;
			files = (
				FA71198E273BCA3D008EABB7 /* Unsplash+wallpapers.json in Resources */,
				FA71193327316833008EABB7 /* LaunchScreen.storyboard in Resources */,
				FA71193027316833008EABB7 /* Assets.xcassets in Resources */,
				FA711996273BCB02008EABB7 /* Unsplash+animals.json in Resources */,
				FAAD9914274E8F9400DDE0FF /* Localizable.strings in Resources */,
				FA711994273BCADC008EABB7 /* Unsplash+textures-patterns.json in Resources */,
				FA711990273BCA87008EABB7 /* Unsplash+nature.json in Resources */,
				FA711992273BCAAF008EABB7 /* Unsplash+architecture.json in Resources */,
				FA71192E2731682F008EABB7 /* Main.storyboard in Resources */,
			);
			runOnlyForDeploymentPostprocessing = 0;
		};
		FA71193727316833008EABB7 /* Resources */ = {
			isa = PBXResourcesBuildPhase;
			buildActionMask = 2147483647;
			files = (
			);
			runOnlyForDeploymentPostprocessing = 0;
		};
		FA71194127316833008EABB7 /* Resources */ = {
			isa = PBXResourcesBuildPhase;
			buildActionMask = 2147483647;
			files = (
			);
			runOnlyForDeploymentPostprocessing = 0;
		};
/* End PBXResourcesBuildPhase section */

/* Begin PBXShellScriptBuildPhase section */
		FA71195627316C1F008EABB7 /* ShellScript */ = {
			isa = PBXShellScriptBuildPhase;
			buildActionMask = 2147483647;
			files = (
			);
			inputFileListPaths = (
			);
			inputPaths = (
			);
			outputFileListPaths = (
			);
			outputPaths = (
			);
			runOnlyForDeploymentPostprocessing = 0;
			shellPath = /bin/sh;
			shellScript = "PATH=/opt/homebrew/bin:$PATH\nif which swiftlint >/dev/null; then\n  swiftlint --no-cache\nelse\n  echo \"warning: SwiftLint not installed, download from https://github.com/realm/SwiftLint\"\nfi\n";
		};
/* End PBXShellScriptBuildPhase section */

/* Begin PBXSourcesBuildPhase section */
		FA71191F2731682F008EABB7 /* Sources */ = {
			isa = PBXSourcesBuildPhase;
			buildActionMask = 2147483647;
			files = (
				FAAD98FB274BBFB700DDE0FF /* CallbackQueue.swift in Sources */,
				FAAD9900274BC01F00DDE0FF /* Digest+hexStr.swift in Sources */,
				FA7119612732E53C008EABB7 /* Image.swift in Sources */,
				FA7119B22743F62F008EABB7 /* FavoritableImageCell.swift in Sources */,
				FA71199D273D2A9F008EABB7 /* ShowImageInteractor.swift in Sources */,
				FA7119272731682F008EABB7 /* AppDelegate.swift in Sources */,
				FAAD9905274D1D4400DDE0FF /* SettingsTableViewController.swift in Sources */,
				FA7119AE2742DF99008EABB7 /* LayoutProvider.swift.swift in Sources */,
				FA711972273A93A9008EABB7 /* FeedViewController.swift in Sources */,
				FA7119642732E805008EABB7 /* Unsplash.swift in Sources */,
				FA7119A1273D2AB7008EABB7 /* ShowImageRouter.swift in Sources */,
				FAAD9919274FA7CE00DDE0FF /* ImageSaver.swift in Sources */,
				FAAD990D274E4DA400DDE0FF /* UserDefaults+KVO.swift in Sources */,
				FA711999273D2A53008EABB7 /* ShowImageViewController.swift in Sources */,
				FA7119B02743B4B4008EABB7 /* ScenesModels.swift in Sources */,
				FA711984273AAA9E008EABB7 /* FeedModels.swift in Sources */,
				FA71197F273A967D008EABB7 /* ImagesStore.swift in Sources */,
				FA8BB4DC274521CE00CB95DA /* ImageURLs.swift in Sources */,
				FAAD9909274D1D6900DDE0FF /* SettingsPresenter.swift in Sources */,
				FA7119A62742DCFB008EABB7 /* FavoritesInteractor.swift in Sources */,
				FA71196E27343B44008EABB7 /* ImageCell.swift in Sources */,
				FA7119AC2742DD21008EABB7 /* FavoritesRouter.swift in Sources */,
				FA71197A273A9488008EABB7 /* FeedRouter.swift in Sources */,
				FA711987273AAF12008EABB7 /* ImagesWorker.swift in Sources */,
				FAAD98FD274BBFD100DDE0FF /* FileIOController.swift in Sources */,
				FA7119A82742DD06008EABB7 /* FavoritesPresenter.swift in Sources */,
				FA7119292731682F008EABB7 /* SceneDelegate.swift in Sources */,
				FADBB5A92747F8A700BA299F /* ImageProvider.swift in Sources */,
				FA71199F273D2AAA008EABB7 /* ShowImagePresenter.swift in Sources */,
				FA8BB4DE2745220700CB95DA /* ImageOwner.swift in Sources */,
				FAAD9902274BC04000DDE0FF /* String+sha256.swift in Sources */,
				FA71196C27343437008EABB7 /* HeaderView.swift in Sources */,
				FAAD990B274D29D600DDE0FF /* SettingsModels.swift in Sources */,
				FAAD98F9274BBF6D00DDE0FF /* ImageCache.swift in Sources */,
				FA711974273A9443008EABB7 /* FeedInteractor.swift in Sources */,
				FA711976273A9460008EABB7 /* FeedPresenter.swift in Sources */,
				FAAD991B2750F6BE00DDE0FF /* Alertable.swift in Sources */,
				FA7119A42742DCCC008EABB7 /* FavoritesViewController.swift in Sources */,
				FAAD990F274E4DD700DDE0FF /* SettingsManager.swift in Sources */,
				FA71198B273AE2B4008EABB7 /* Topic.swift in Sources */,
				FA7119AA2742DD11008EABB7 /* FavoritesModels.swift in Sources */,
				FAAD9907274D1D5500DDE0FF /* SettingsInteractor.swift in Sources */,
			);
			runOnlyForDeploymentPostprocessing = 0;
		};
		FA71193527316833008EABB7 /* Sources */ = {
			isa = PBXSourcesBuildPhase;
			buildActionMask = 2147483647;
			files = (
				FA71193E27316833008EABB7 /* UnsplasherTests.swift in Sources */,
			);
			runOnlyForDeploymentPostprocessing = 0;
		};
		FA71193F27316833008EABB7 /* Sources */ = {
			isa = PBXSourcesBuildPhase;
			buildActionMask = 2147483647;
			files = (
				FA71194827316833008EABB7 /* UnsplasherUITests.swift in Sources */,
				FA71194A27316833008EABB7 /* UnsplasherUITestsLaunchTests.swift in Sources */,
			);
			runOnlyForDeploymentPostprocessing = 0;
		};
/* End PBXSourcesBuildPhase section */

/* Begin PBXTargetDependency section */
		FA71193B27316833008EABB7 /* PBXTargetDependency */ = {
			isa = PBXTargetDependency;
			target = FA7119222731682F008EABB7 /* Unsplasher */;
			targetProxy = FA71193A27316833008EABB7 /* PBXContainerItemProxy */;
		};
		FA71194527316833008EABB7 /* PBXTargetDependency */ = {
			isa = PBXTargetDependency;
			target = FA7119222731682F008EABB7 /* Unsplasher */;
			targetProxy = FA71194427316833008EABB7 /* PBXContainerItemProxy */;
		};
/* End PBXTargetDependency section */

/* Begin PBXVariantGroup section */
		FA71192C2731682F008EABB7 /* Main.storyboard */ = {
			isa = PBXVariantGroup;
			children = (
				FA71192D2731682F008EABB7 /* Base */,
				FAAD9912274E8F1200DDE0FF /* ru */,
			);
			name = Main.storyboard;
			sourceTree = "<group>";
		};
		FA71193127316833008EABB7 /* LaunchScreen.storyboard */ = {
			isa = PBXVariantGroup;
			children = (
				FA71193227316833008EABB7 /* Base */,
				FAAD9913274E8F1300DDE0FF /* ru */,
			);
			name = LaunchScreen.storyboard;
			sourceTree = "<group>";
		};
		FAAD9916274E8F9400DDE0FF /* Localizable.strings */ = {
			isa = PBXVariantGroup;
			children = (
				FAAD9915274E8F9400DDE0FF /* en */,
				FAAD9917274E8F9F00DDE0FF /* ru */,
			);
			name = Localizable.strings;
			sourceTree = "<group>";
		};
/* End PBXVariantGroup section */

/* Begin XCBuildConfiguration section */
		FA71194B27316833008EABB7 /* Debug */ = {
			isa = XCBuildConfiguration;
			buildSettings = {
				ALWAYS_SEARCH_USER_PATHS = NO;
				CLANG_ANALYZER_LOCALIZABILITY_NONLOCALIZED = YES;
				CLANG_ANALYZER_NONNULL = YES;
				CLANG_ANALYZER_NUMBER_OBJECT_CONVERSION = YES_AGGRESSIVE;
				CLANG_CXX_LANGUAGE_STANDARD = "gnu++17";
				CLANG_CXX_LIBRARY = "libc++";
				CLANG_ENABLE_MODULES = YES;
				CLANG_ENABLE_OBJC_ARC = YES;
				CLANG_ENABLE_OBJC_WEAK = YES;
				CLANG_WARN_BLOCK_CAPTURE_AUTORELEASING = YES;
				CLANG_WARN_BOOL_CONVERSION = YES;
				CLANG_WARN_COMMA = YES;
				CLANG_WARN_CONSTANT_CONVERSION = YES;
				CLANG_WARN_DEPRECATED_OBJC_IMPLEMENTATIONS = YES;
				CLANG_WARN_DIRECT_OBJC_ISA_USAGE = YES_ERROR;
				CLANG_WARN_DOCUMENTATION_COMMENTS = YES;
				CLANG_WARN_EMPTY_BODY = YES;
				CLANG_WARN_ENUM_CONVERSION = YES;
				CLANG_WARN_INFINITE_RECURSION = YES;
				CLANG_WARN_INT_CONVERSION = YES;
				CLANG_WARN_NON_LITERAL_NULL_CONVERSION = YES;
				CLANG_WARN_OBJC_IMPLICIT_RETAIN_SELF = YES;
				CLANG_WARN_OBJC_LITERAL_CONVERSION = YES;
				CLANG_WARN_OBJC_ROOT_CLASS = YES_ERROR;
				CLANG_WARN_QUOTED_INCLUDE_IN_FRAMEWORK_HEADER = YES;
				CLANG_WARN_RANGE_LOOP_ANALYSIS = YES;
				CLANG_WARN_STRICT_PROTOTYPES = YES;
				CLANG_WARN_SUSPICIOUS_MOVE = YES;
				CLANG_WARN_UNGUARDED_AVAILABILITY = YES_AGGRESSIVE;
				CLANG_WARN_UNREACHABLE_CODE = YES;
				CLANG_WARN__DUPLICATE_METHOD_MATCH = YES;
				COPY_PHASE_STRIP = NO;
				DEBUG_INFORMATION_FORMAT = dwarf;
				ENABLE_STRICT_OBJC_MSGSEND = YES;
				ENABLE_TESTABILITY = YES;
				GCC_C_LANGUAGE_STANDARD = gnu11;
				GCC_DYNAMIC_NO_PIC = NO;
				GCC_NO_COMMON_BLOCKS = YES;
				GCC_OPTIMIZATION_LEVEL = 0;
				GCC_PREPROCESSOR_DEFINITIONS = (
					"DEBUG=1",
					"$(inherited)",
				);
				GCC_WARN_64_TO_32_BIT_CONVERSION = YES;
				GCC_WARN_ABOUT_RETURN_TYPE = YES_ERROR;
				GCC_WARN_UNDECLARED_SELECTOR = YES;
				GCC_WARN_UNINITIALIZED_AUTOS = YES_AGGRESSIVE;
				GCC_WARN_UNUSED_FUNCTION = YES;
				GCC_WARN_UNUSED_VARIABLE = YES;
				IPHONEOS_DEPLOYMENT_TARGET = 15.0;
				MTL_ENABLE_DEBUG_INFO = INCLUDE_SOURCE;
				MTL_FAST_MATH = YES;
				ONLY_ACTIVE_ARCH = YES;
				SDKROOT = iphoneos;
				SWIFT_ACTIVE_COMPILATION_CONDITIONS = DEBUG;
				SWIFT_OPTIMIZATION_LEVEL = "-Onone";
			};
			name = Debug;
		};
		FA71194C27316833008EABB7 /* Release */ = {
			isa = XCBuildConfiguration;
			buildSettings = {
				ALWAYS_SEARCH_USER_PATHS = NO;
				CLANG_ANALYZER_LOCALIZABILITY_NONLOCALIZED = YES;
				CLANG_ANALYZER_NONNULL = YES;
				CLANG_ANALYZER_NUMBER_OBJECT_CONVERSION = YES_AGGRESSIVE;
				CLANG_CXX_LANGUAGE_STANDARD = "gnu++17";
				CLANG_CXX_LIBRARY = "libc++";
				CLANG_ENABLE_MODULES = YES;
				CLANG_ENABLE_OBJC_ARC = YES;
				CLANG_ENABLE_OBJC_WEAK = YES;
				CLANG_WARN_BLOCK_CAPTURE_AUTORELEASING = YES;
				CLANG_WARN_BOOL_CONVERSION = YES;
				CLANG_WARN_COMMA = YES;
				CLANG_WARN_CONSTANT_CONVERSION = YES;
				CLANG_WARN_DEPRECATED_OBJC_IMPLEMENTATIONS = YES;
				CLANG_WARN_DIRECT_OBJC_ISA_USAGE = YES_ERROR;
				CLANG_WARN_DOCUMENTATION_COMMENTS = YES;
				CLANG_WARN_EMPTY_BODY = YES;
				CLANG_WARN_ENUM_CONVERSION = YES;
				CLANG_WARN_INFINITE_RECURSION = YES;
				CLANG_WARN_INT_CONVERSION = YES;
				CLANG_WARN_NON_LITERAL_NULL_CONVERSION = YES;
				CLANG_WARN_OBJC_IMPLICIT_RETAIN_SELF = YES;
				CLANG_WARN_OBJC_LITERAL_CONVERSION = YES;
				CLANG_WARN_OBJC_ROOT_CLASS = YES_ERROR;
				CLANG_WARN_QUOTED_INCLUDE_IN_FRAMEWORK_HEADER = YES;
				CLANG_WARN_RANGE_LOOP_ANALYSIS = YES;
				CLANG_WARN_STRICT_PROTOTYPES = YES;
				CLANG_WARN_SUSPICIOUS_MOVE = YES;
				CLANG_WARN_UNGUARDED_AVAILABILITY = YES_AGGRESSIVE;
				CLANG_WARN_UNREACHABLE_CODE = YES;
				CLANG_WARN__DUPLICATE_METHOD_MATCH = YES;
				COPY_PHASE_STRIP = NO;
				DEBUG_INFORMATION_FORMAT = "dwarf-with-dsym";
				ENABLE_NS_ASSERTIONS = NO;
				ENABLE_STRICT_OBJC_MSGSEND = YES;
				GCC_C_LANGUAGE_STANDARD = gnu11;
				GCC_NO_COMMON_BLOCKS = YES;
				GCC_WARN_64_TO_32_BIT_CONVERSION = YES;
				GCC_WARN_ABOUT_RETURN_TYPE = YES_ERROR;
				GCC_WARN_UNDECLARED_SELECTOR = YES;
				GCC_WARN_UNINITIALIZED_AUTOS = YES_AGGRESSIVE;
				GCC_WARN_UNUSED_FUNCTION = YES;
				GCC_WARN_UNUSED_VARIABLE = YES;
				IPHONEOS_DEPLOYMENT_TARGET = 15.0;
				MTL_ENABLE_DEBUG_INFO = NO;
				MTL_FAST_MATH = YES;
				SDKROOT = iphoneos;
				SWIFT_COMPILATION_MODE = wholemodule;
				SWIFT_OPTIMIZATION_LEVEL = "-O";
				VALIDATE_PRODUCT = YES;
			};
			name = Release;
		};
		FA71194E27316833008EABB7 /* Debug */ = {
			isa = XCBuildConfiguration;
			buildSettings = {
				ASSETCATALOG_COMPILER_APPICON_NAME = AppIcon;
				ASSETCATALOG_COMPILER_GLOBAL_ACCENT_COLOR_NAME = AccentColor;
				CODE_SIGN_STYLE = Automatic;
				CURRENT_PROJECT_VERSION = 1;
				DEVELOPMENT_TEAM = W6MAKY98QY;
				GENERATE_INFOPLIST_FILE = YES;
				INFOPLIST_FILE = Unsplasher/Common/Info.plist;
				INFOPLIST_KEY_UIApplicationSupportsIndirectInputEvents = YES;
				INFOPLIST_KEY_UILaunchStoryboardName = LaunchScreen;
				INFOPLIST_KEY_UIMainStoryboardFile = Main;
				INFOPLIST_KEY_UISupportedInterfaceOrientations = UIInterfaceOrientationPortrait;
				INFOPLIST_KEY_UISupportedInterfaceOrientations_iPad = "UIInterfaceOrientationPortrait UIInterfaceOrientationPortraitUpsideDown UIInterfaceOrientationLandscapeLeft UIInterfaceOrientationLandscapeRight";
				INFOPLIST_KEY_UISupportedInterfaceOrientations_iPhone = "UIInterfaceOrientationPortrait UIInterfaceOrientationLandscapeLeft UIInterfaceOrientationLandscapeRight";
				LD_RUNPATH_SEARCH_PATHS = (
					"$(inherited)",
					"@executable_path/Frameworks",
				);
				MARKETING_VERSION = 1.0;
				PRODUCT_BUNDLE_IDENTIFIER = oleksiy.petlyuk.Unsplasher;
				PRODUCT_NAME = "$(TARGET_NAME)";
				SWIFT_EMIT_LOC_STRINGS = YES;
				SWIFT_VERSION = 5.0;
				TARGETED_DEVICE_FAMILY = 1;
			};
			name = Debug;
		};
		FA71194F27316833008EABB7 /* Release */ = {
			isa = XCBuildConfiguration;
			buildSettings = {
				ASSETCATALOG_COMPILER_APPICON_NAME = AppIcon;
				ASSETCATALOG_COMPILER_GLOBAL_ACCENT_COLOR_NAME = AccentColor;
				CODE_SIGN_STYLE = Automatic;
				CURRENT_PROJECT_VERSION = 1;
				DEVELOPMENT_TEAM = W6MAKY98QY;
				GENERATE_INFOPLIST_FILE = YES;
				INFOPLIST_FILE = Unsplasher/Common/Info.plist;
				INFOPLIST_KEY_UIApplicationSupportsIndirectInputEvents = YES;
				INFOPLIST_KEY_UILaunchStoryboardName = LaunchScreen;
				INFOPLIST_KEY_UIMainStoryboardFile = Main;
				INFOPLIST_KEY_UISupportedInterfaceOrientations = UIInterfaceOrientationPortrait;
				INFOPLIST_KEY_UISupportedInterfaceOrientations_iPad = "UIInterfaceOrientationPortrait UIInterfaceOrientationPortraitUpsideDown UIInterfaceOrientationLandscapeLeft UIInterfaceOrientationLandscapeRight";
				INFOPLIST_KEY_UISupportedInterfaceOrientations_iPhone = "UIInterfaceOrientationPortrait UIInterfaceOrientationLandscapeLeft UIInterfaceOrientationLandscapeRight";
				LD_RUNPATH_SEARCH_PATHS = (
					"$(inherited)",
					"@executable_path/Frameworks",
				);
				MARKETING_VERSION = 1.0;
				PRODUCT_BUNDLE_IDENTIFIER = oleksiy.petlyuk.Unsplasher;
				PRODUCT_NAME = "$(TARGET_NAME)";
				SWIFT_EMIT_LOC_STRINGS = YES;
				SWIFT_VERSION = 5.0;
				TARGETED_DEVICE_FAMILY = 1;
			};
			name = Release;
		};
		FA71195127316833008EABB7 /* Debug */ = {
			isa = XCBuildConfiguration;
			buildSettings = {
				ALWAYS_EMBED_SWIFT_STANDARD_LIBRARIES = YES;
				BUNDLE_LOADER = "$(TEST_HOST)";
				CODE_SIGN_STYLE = Automatic;
				CURRENT_PROJECT_VERSION = 1;
				DEVELOPMENT_TEAM = W6MAKY98QY;
				GENERATE_INFOPLIST_FILE = YES;
				IPHONEOS_DEPLOYMENT_TARGET = 15.0;
				LD_RUNPATH_SEARCH_PATHS = (
					"$(inherited)",
					"@executable_path/Frameworks",
					"@loader_path/Frameworks",
				);
				MARKETING_VERSION = 1.0;
				PRODUCT_BUNDLE_IDENTIFIER = oleksiy.petlyuk.UnsplasherTests;
				PRODUCT_NAME = "$(TARGET_NAME)";
				SWIFT_EMIT_LOC_STRINGS = NO;
				SWIFT_VERSION = 5.0;
				TARGETED_DEVICE_FAMILY = "1,2";
				TEST_HOST = "$(BUILT_PRODUCTS_DIR)/Unsplasher.app/Unsplasher";
			};
			name = Debug;
		};
		FA71195227316833008EABB7 /* Release */ = {
			isa = XCBuildConfiguration;
			buildSettings = {
				ALWAYS_EMBED_SWIFT_STANDARD_LIBRARIES = YES;
				BUNDLE_LOADER = "$(TEST_HOST)";
				CODE_SIGN_STYLE = Automatic;
				CURRENT_PROJECT_VERSION = 1;
				DEVELOPMENT_TEAM = W6MAKY98QY;
				GENERATE_INFOPLIST_FILE = YES;
				IPHONEOS_DEPLOYMENT_TARGET = 15.0;
				LD_RUNPATH_SEARCH_PATHS = (
					"$(inherited)",
					"@executable_path/Frameworks",
					"@loader_path/Frameworks",
				);
				MARKETING_VERSION = 1.0;
				PRODUCT_BUNDLE_IDENTIFIER = oleksiy.petlyuk.UnsplasherTests;
				PRODUCT_NAME = "$(TARGET_NAME)";
				SWIFT_EMIT_LOC_STRINGS = NO;
				SWIFT_VERSION = 5.0;
				TARGETED_DEVICE_FAMILY = "1,2";
				TEST_HOST = "$(BUILT_PRODUCTS_DIR)/Unsplasher.app/Unsplasher";
			};
			name = Release;
		};
		FA71195427316833008EABB7 /* Debug */ = {
			isa = XCBuildConfiguration;
			buildSettings = {
				ALWAYS_EMBED_SWIFT_STANDARD_LIBRARIES = YES;
				CODE_SIGN_STYLE = Automatic;
				CURRENT_PROJECT_VERSION = 1;
				DEVELOPMENT_TEAM = W6MAKY98QY;
				GENERATE_INFOPLIST_FILE = YES;
				LD_RUNPATH_SEARCH_PATHS = (
					"$(inherited)",
					"@executable_path/Frameworks",
					"@loader_path/Frameworks",
				);
				MARKETING_VERSION = 1.0;
				PRODUCT_BUNDLE_IDENTIFIER = oleksiy.petlyuk.UnsplasherUITests;
				PRODUCT_NAME = "$(TARGET_NAME)";
				SWIFT_EMIT_LOC_STRINGS = NO;
				SWIFT_VERSION = 5.0;
				TARGETED_DEVICE_FAMILY = "1,2";
				TEST_TARGET_NAME = Unsplasher;
			};
			name = Debug;
		};
		FA71195527316833008EABB7 /* Release */ = {
			isa = XCBuildConfiguration;
			buildSettings = {
				ALWAYS_EMBED_SWIFT_STANDARD_LIBRARIES = YES;
				CODE_SIGN_STYLE = Automatic;
				CURRENT_PROJECT_VERSION = 1;
				DEVELOPMENT_TEAM = W6MAKY98QY;
				GENERATE_INFOPLIST_FILE = YES;
				LD_RUNPATH_SEARCH_PATHS = (
					"$(inherited)",
					"@executable_path/Frameworks",
					"@loader_path/Frameworks",
				);
				MARKETING_VERSION = 1.0;
				PRODUCT_BUNDLE_IDENTIFIER = oleksiy.petlyuk.UnsplasherUITests;
				PRODUCT_NAME = "$(TARGET_NAME)";
				SWIFT_EMIT_LOC_STRINGS = NO;
				SWIFT_VERSION = 5.0;
				TARGETED_DEVICE_FAMILY = "1,2";
				TEST_TARGET_NAME = Unsplasher;
			};
			name = Release;
		};
/* End XCBuildConfiguration section */

/* Begin XCConfigurationList section */
		FA71191E2731682F008EABB7 /* Build configuration list for PBXProject "Unsplasher" */ = {
			isa = XCConfigurationList;
			buildConfigurations = (
				FA71194B27316833008EABB7 /* Debug */,
				FA71194C27316833008EABB7 /* Release */,
			);
			defaultConfigurationIsVisible = 0;
			defaultConfigurationName = Release;
		};
		FA71194D27316833008EABB7 /* Build configuration list for PBXNativeTarget "Unsplasher" */ = {
			isa = XCConfigurationList;
			buildConfigurations = (
				FA71194E27316833008EABB7 /* Debug */,
				FA71194F27316833008EABB7 /* Release */,
			);
			defaultConfigurationIsVisible = 0;
			defaultConfigurationName = Release;
		};
		FA71195027316833008EABB7 /* Build configuration list for PBXNativeTarget "UnsplasherTests" */ = {
			isa = XCConfigurationList;
			buildConfigurations = (
				FA71195127316833008EABB7 /* Debug */,
				FA71195227316833008EABB7 /* Release */,
			);
			defaultConfigurationIsVisible = 0;
			defaultConfigurationName = Release;
		};
		FA71195327316833008EABB7 /* Build configuration list for PBXNativeTarget "UnsplasherUITests" */ = {
			isa = XCConfigurationList;
			buildConfigurations = (
				FA71195427316833008EABB7 /* Debug */,
				FA71195527316833008EABB7 /* Release */,
			);
			defaultConfigurationIsVisible = 0;
			defaultConfigurationName = Release;
		};
/* End XCConfigurationList section */

/* Begin XCRemoteSwiftPackageReference section */
		FA71195C2731761C008EABB7 /* XCRemoteSwiftPackageReference "Moya" */ = {
			isa = XCRemoteSwiftPackageReference;
			repositoryURL = "https://github.com/Moya/Moya.git";
			requirement = {
				kind = upToNextMajorVersion;
				minimumVersion = 15.0.0;
			};
		};
		FA8BB4D327440C0E00CB95DA /* XCRemoteSwiftPackageReference "realm-cocoa" */ = {
			isa = XCRemoteSwiftPackageReference;
			repositoryURL = "https://github.com/realm/realm-cocoa.git";
			requirement = {
				kind = upToNextMajorVersion;
				minimumVersion = 10.19.0;
			};
		};
/* End XCRemoteSwiftPackageReference section */

/* Begin XCSwiftPackageProductDependency section */
		FA71195D2731761C008EABB7 /* Moya */ = {
			isa = XCSwiftPackageProductDependency;
			package = FA71195C2731761C008EABB7 /* XCRemoteSwiftPackageReference "Moya" */;
			productName = Moya;
		};
		FA8BB4D427440C0F00CB95DA /* Realm */ = {
			isa = XCSwiftPackageProductDependency;
			package = FA8BB4D327440C0E00CB95DA /* XCRemoteSwiftPackageReference "realm-cocoa" */;
			productName = Realm;
		};
		FA8BB4D627440C0F00CB95DA /* RealmSwift */ = {
			isa = XCSwiftPackageProductDependency;
			package = FA8BB4D327440C0E00CB95DA /* XCRemoteSwiftPackageReference "realm-cocoa" */;
			productName = RealmSwift;
		};
/* End XCSwiftPackageProductDependency section */
	};
	rootObject = FA71191B2731682F008EABB7 /* Project object */;
}
